
Microsoft Visual Studio Solution File, Format Version 12.00
# Visual Studio Version 17
VisualStudioVersion = 17.7.34031.279
MinimumVisualStudioVersion = 10.0.40219.1
Project("{9A19103F-16F7-4668-BE54-9A1E7A4F7556}") = "MileStone Exercise 1", "MileStone Exercise 1\MileStone Exercise 1.csproj", "{D2F34287-B94B-4225-82EE-4D0DF5C1FF94}"
EndProject
Project("{9A19103F-16F7-4668-BE54-9A1E7A4F7556}") = "MileStone Exercise 2", "MileStone Exercise 2\MileStone Exercise 2.csproj", "{06F8F708-8176-4BF7-AD6A-8CF33219F297}"
EndProject
Project("{9A19103F-16F7-4668-BE54-9A1E7A4F7556}") = "MileStone Exercise 3", "MileStoneExerise3\MileStone Exercise 3.csproj", "{41FE0F7D-28B8-4FDC-9F84-EB2AC5DA0CB9}"
EndProject
Global
	GlobalSection(SolutionConfigurationPlatforms) = preSolution
		Debug|Any CPU = Debug|Any CPU
		Release|Any CPU = Release|Any CPU
	EndGlobalSection
	GlobalSection(ProjectConfigurationPlatforms) = postSolution
		{D2F34287-B94B-4225-82EE-4D0DF5C1FF94}.Debug|Any CPU.ActiveCfg = Debug|Any CPU
		{D2F34287-B94B-4225-82EE-4D0DF5C1FF94}.Debug|Any CPU.Build.0 = Debug|Any CPU
		{D2F34287-B94B-4225-82EE-4D0DF5C1FF94}.Release|Any CPU.ActiveCfg = Release|Any CPU
		{D2F34287-B94B-4225-82EE-4D0DF5C1FF94}.Release|Any CPU.Build.0 = Release|Any CPU
		{06F8F708-8176-4BF7-AD6A-8CF33219F297}.Debug|Any CPU.ActiveCfg = Debug|Any CPU
		{06F8F708-8176-4BF7-AD6A-8CF33219F297}.Debug|Any CPU.Build.0 = Debug|Any CPU
		{06F8F708-8176-4BF7-AD6A-8CF33219F297}.Release|Any CPU.ActiveCfg = Release|Any CPU
		{06F8F708-8176-4BF7-AD6A-8CF33219F297}.Release|Any CPU.Build.0 = Release|Any CPU
		{41FE0F7D-28B8-4FDC-9F84-EB2AC5DA0CB9}.Debug|Any CPU.ActiveCfg = Debug|Any CPU
		{41FE0F7D-28B8-4FDC-9F84-EB2AC5DA0CB9}.Debug|Any CPU.Build.0 = Debug|Any CPU
		{41FE0F7D-28B8-4FDC-9F84-EB2AC5DA0CB9}.Release|Any CPU.ActiveCfg = Release|Any CPU
		{41FE0F7D-28B8-4FDC-9F84-EB2AC5DA0CB9}.Release|Any CPU.Build.0 = Release|Any CPU
	EndGlobalSection
	GlobalSection(SolutionProperties) = preSolution
		HideSolutionNode = FALSE
	EndGlobalSection
	GlobalSection(ExtensibilityGlobals) = postSolution
		SolutionGuid = {C3E3769B-C384-4637-85E1-518E989C8FE1}
	EndGlobalSection
EndGlobal
